
Microsoft Visual Studio Solution File, Format Version 12.00
# Visual Studio Version 16
VisualStudioVersion = 16.0.30114.105
MinimumVisualStudioVersion = 10.0.40219.1
Project("{2150E333-8FDC-42A3-9474-1A3956D46DE8}") = "src", "src", "{0042D4CA-DA99-46A0-A241-E5DAE682D590}"
EndProject
Project("{FAE04EC0-301F-11D3-BF4B-00C04F79EFBC}") = "Pluralsight.UnitTestDemo.Api", "src\Pluralsight.UnitTestDemo.Api\Pluralsight.UnitTestDemo.Api.csproj", "{33D4EC7A-DF95-4B0C-8F27-AFA43C4D5381}"
EndProject
Project("{FAE04EC0-301F-11D3-BF4B-00C04F79EFBC}") = "Pluralsight.UnitTestDemo.WebUi", "src\Pluralsight.UnitTestDemo.WebUi\Pluralsight.UnitTestDemo.WebUi.csproj", "{68F7DCD4-9661-4691-B454-87A67D486207}"
EndProject
Project("{2150E333-8FDC-42A3-9474-1A3956D46DE8}") = "test", "test", "{197F4264-4CDC-4D38-8602-A7B776462833}"
EndProject
Project("{FAE04EC0-301F-11D3-BF4B-00C04F79EFBC}") = "Pluralsight.UnitTestDemo.Tests", "test\Pluralsight.UnitTestDemo.Tests\Pluralsight.UnitTestDemo.Tests.csproj", "{861EA16A-031B-4759-A855-0B053194200B}"
EndProject
Global
	GlobalSection(SolutionConfigurationPlatforms) = preSolution
		Debug|Any CPU = Debug|Any CPU
		Debug|x64 = Debug|x64
		Debug|x86 = Debug|x86
		Release|Any CPU = Release|Any CPU
		Release|x64 = Release|x64
		Release|x86 = Release|x86
	EndGlobalSection
	GlobalSection(SolutionProperties) = preSolution
		HideSolutionNode = FALSE
	EndGlobalSection
	GlobalSection(ProjectConfigurationPlatforms) = postSolution
		{33D4EC7A-DF95-4B0C-8F27-AFA43C4D5381}.Debug|Any CPU.ActiveCfg = Debug|Any CPU
		{33D4EC7A-DF95-4B0C-8F27-AFA43C4D5381}.Debug|Any CPU.Build.0 = Debug|Any CPU
		{33D4EC7A-DF95-4B0C-8F27-AFA43C4D5381}.Debug|x64.ActiveCfg = Debug|Any CPU
		{33D4EC7A-DF95-4B0C-8F27-AFA43C4D5381}.Debug|x64.Build.0 = Debug|Any CPU
		{33D4EC7A-DF95-4B0C-8F27-AFA43C4D5381}.Debug|x86.ActiveCfg = Debug|Any CPU
		{33D4EC7A-DF95-4B0C-8F27-AFA43C4D5381}.Debug|x86.Build.0 = Debug|Any CPU
		{33D4EC7A-DF95-4B0C-8F27-AFA43C4D5381}.Release|Any CPU.ActiveCfg = Release|Any CPU
		{33D4EC7A-DF95-4B0C-8F27-AFA43C4D5381}.Release|Any CPU.Build.0 = Release|Any CPU
		{33D4EC7A-DF95-4B0C-8F27-AFA43C4D5381}.Release|x64.ActiveCfg = Release|Any CPU
		{33D4EC7A-DF95-4B0C-8F27-AFA43C4D5381}.Release|x64.Build.0 = Release|Any CPU
		{33D4EC7A-DF95-4B0C-8F27-AFA43C4D5381}.Release|x86.ActiveCfg = Release|Any CPU
		{33D4EC7A-DF95-4B0C-8F27-AFA43C4D5381}.Release|x86.Build.0 = Release|Any CPU
		{68F7DCD4-9661-4691-B454-87A67D486207}.Debug|Any CPU.ActiveCfg = Debug|Any CPU
		{68F7DCD4-9661-4691-B454-87A67D486207}.Debug|Any CPU.Build.0 = Debug|Any CPU
		{68F7DCD4-9661-4691-B454-87A67D486207}.Debug|x64.ActiveCfg = Debug|Any CPU
		{68F7DCD4-9661-4691-B454-87A67D486207}.Debug|x64.Build.0 = Debug|Any CPU
		{68F7DCD4-9661-4691-B454-87A67D486207}.Debug|x86.ActiveCfg = Debug|Any CPU
		{68F7DCD4-9661-4691-B454-87A67D486207}.Debug|x86.Build.0 = Debug|Any CPU
		{68F7DCD4-9661-4691-B454-87A67D486207}.Release|Any CPU.ActiveCfg = Release|Any CPU
		{68F7DCD4-9661-4691-B454-87A67D486207}.Release|Any CPU.Build.0 = Release|Any CPU
		{68F7DCD4-9661-4691-B454-87A67D486207}.Release|x64.ActiveCfg = Release|Any CPU
		{68F7DCD4-9661-4691-B454-87A67D486207}.Release|x64.Build.0 = Release|Any CPU
		{68F7DCD4-9661-4691-B454-87A67D486207}.Release|x86.ActiveCfg = Release|Any CPU
		{68F7DCD4-9661-4691-B454-87A67D486207}.Release|x86.Build.0 = Release|Any CPU
		{861EA16A-031B-4759-A855-0B053194200B}.Debug|Any CPU.ActiveCfg = Debug|Any CPU
		{861EA16A-031B-4759-A855-0B053194200B}.Debug|Any CPU.Build.0 = Debug|Any CPU
		{861EA16A-031B-4759-A855-0B053194200B}.Debug|x64.ActiveCfg = Debug|Any CPU
		{861EA16A-031B-4759-A855-0B053194200B}.Debug|x64.Build.0 = Debug|Any CPU
		{861EA16A-031B-4759-A855-0B053194200B}.Debug|x86.ActiveCfg = Debug|Any CPU
		{861EA16A-031B-4759-A855-0B053194200B}.Debug|x86.Build.0 = Debug|Any CPU
		{861EA16A-031B-4759-A855-0B053194200B}.Release|Any CPU.ActiveCfg = Release|Any CPU
		{861EA16A-031B-4759-A855-0B053194200B}.Release|Any CPU.Build.0 = Release|Any CPU
		{861EA16A-031B-4759-A855-0B053194200B}.Release|x64.ActiveCfg = Release|Any CPU
		{861EA16A-031B-4759-A855-0B053194200B}.Release|x64.Build.0 = Release|Any CPU
		{861EA16A-031B-4759-A855-0B053194200B}.Release|x86.ActiveCfg = Release|Any CPU
		{861EA16A-031B-4759-A855-0B053194200B}.Release|x86.Build.0 = Release|Any CPU
	EndGlobalSection
	GlobalSection(NestedProjects) = preSolution
		{33D4EC7A-DF95-4B0C-8F27-AFA43C4D5381} = {0042D4CA-DA99-46A0-A241-E5DAE682D590}
		{68F7DCD4-9661-4691-B454-87A67D486207} = {0042D4CA-DA99-46A0-A241-E5DAE682D590}
		{861EA16A-031B-4759-A855-0B053194200B} = {197F4264-4CDC-4D38-8602-A7B776462833}
	EndGlobalSection
EndGlobal
